# This file is autogenerated, do not edit; changes may be undone by the next 'dep ensure'.


[[projects]]
  digest = "1:1d3ef3dd057d2eb1819e945f88cc83835296c9b7fb13ad3194c937c4e2891fee"
  name = "github.com/urfave/cli"
  packages = ["."]
  pruneopts = "UT"
  revision = "bfe2e925cfb6d44b40ad3a779165ea7e8aff9212"
  version = "v1.22.0"

[solve-meta]
  analyzer-name = "dep"
  analyzer-version = 1
  input-imports = ["github.com/urfave/cli"]
  solver-name = "gps-cdcl"
  solver-version = 1
